
Microsoft Visual Studio Solution File, Format Version 12.00
# Visual Studio 15
VisualStudioVersion = 15.0.28010.2036
MinimumVisualStudioVersion = 10.0.40219.1
Project("{FAE04EC0-301F-11D3-BF4B-00C04F79EFBC}") = "WindowsFormsApp3", "WindowsFormsApp3\WindowsFormsApp3.csproj", "{50B3BEB8-ED41-4239-AC0A-0AEC5651FB30}"
EndProject
Global
	GlobalSection(SolutionConfigurationPlatforms) = preSolution
		Debug|Any CPU = Debug|Any CPU
		Release|Any CPU = Release|Any CPU
	EndGlobalSection
	GlobalSection(ProjectConfigurationPlatforms) = postSolution
		{50B3BEB8-ED41-4239-AC0A-0AEC5651FB30}.Debug|Any CPU.ActiveCfg = Debug|Any CPU
		{50B3BEB8-ED41-4239-AC0A-0AEC5651FB30}.Debug|Any CPU.Build.0 = Debug|Any CPU
		{50B3BEB8-ED41-4239-AC0A-0AEC5651FB30}.Release|Any CPU.ActiveCfg = Release|Any CPU
		{50B3BEB8-ED41-4239-AC0A-0AEC5651FB30}.Release|Any CPU.Build.0 = Release|Any CPU
	EndGlobalSection
	GlobalSection(SolutionProperties) = preSolution
		HideSolutionNode = FALSE
	EndGlobalSection
	GlobalSection(ExtensibilityGlobals) = postSolution
		SolutionGuid = {B3A9C3EC-2A85-40D1-A013-F0E210878AFD}
	EndGlobalSection
EndGlobal
