
Microsoft Visual Studio Solution File, Format Version 12.00
# Visual Studio 15
VisualStudioVersion = 15.0.28010.2036
MinimumVisualStudioVersion = 10.0.40219.1
Project("{FAE04EC0-301F-11D3-BF4B-00C04F79EFBC}") = "WindowsFormsApp2", "WindowsFormsApp2\WindowsFormsApp2.csproj", "{63828DD9-002C-4AEB-9083-D86BC1BE61A7}"
EndProject
Global
	GlobalSection(SolutionConfigurationPlatforms) = preSolution
		Debug|Any CPU = Debug|Any CPU
		Release|Any CPU = Release|Any CPU
	EndGlobalSection
	GlobalSection(ProjectConfigurationPlatforms) = postSolution
		{63828DD9-002C-4AEB-9083-D86BC1BE61A7}.Debug|Any CPU.ActiveCfg = Debug|Any CPU
		{63828DD9-002C-4AEB-9083-D86BC1BE61A7}.Debug|Any CPU.Build.0 = Debug|Any CPU
		{63828DD9-002C-4AEB-9083-D86BC1BE61A7}.Release|Any CPU.ActiveCfg = Release|Any CPU
		{63828DD9-002C-4AEB-9083-D86BC1BE61A7}.Release|Any CPU.Build.0 = Release|Any CPU
	EndGlobalSection
	GlobalSection(SolutionProperties) = preSolution
		HideSolutionNode = FALSE
	EndGlobalSection
	GlobalSection(ExtensibilityGlobals) = postSolution
		SolutionGuid = {9AE1D04C-A4DC-4A76-8A48-A93C920144AB}
	EndGlobalSection
EndGlobal
