
Microsoft Visual Studio Solution File, Format Version 12.00
# Visual Studio 15
VisualStudioVersion = 15.0.28307.136
MinimumVisualStudioVersion = 10.0.40219.1
Project("{FAE04EC0-301F-11D3-BF4B-00C04F79EFBC}") = "Practika5", "Practika5\Practika5.csproj", "{D535FD3D-6FBA-42FD-8700-6FE6B6B3FD10}"
EndProject
Global
	GlobalSection(SolutionConfigurationPlatforms) = preSolution
		Debug|Any CPU = Debug|Any CPU
		Release|Any CPU = Release|Any CPU
	EndGlobalSection
	GlobalSection(ProjectConfigurationPlatforms) = postSolution
		{D535FD3D-6FBA-42FD-8700-6FE6B6B3FD10}.Debug|Any CPU.ActiveCfg = Debug|Any CPU
		{D535FD3D-6FBA-42FD-8700-6FE6B6B3FD10}.Debug|Any CPU.Build.0 = Debug|Any CPU
		{D535FD3D-6FBA-42FD-8700-6FE6B6B3FD10}.Release|Any CPU.ActiveCfg = Release|Any CPU
		{D535FD3D-6FBA-42FD-8700-6FE6B6B3FD10}.Release|Any CPU.Build.0 = Release|Any CPU
	EndGlobalSection
	GlobalSection(SolutionProperties) = preSolution
		HideSolutionNode = FALSE
	EndGlobalSection
	GlobalSection(ExtensibilityGlobals) = postSolution
		SolutionGuid = {AFF59714-D908-44B0-984C-A64CA4806957}
	EndGlobalSection
EndGlobal
